Microsoft Visual Studio Solution File, Format Version 11.00
# Visual Studio 2008

Project("{A227A148-479C-1B35-277E-7028B8B7F19A}") = "Anthony's Game", "Assembly-CSharp.csproj", "{D64D3038-307C-DA77-4AD5-D76CA84B2B44}"
EndProject
Global
	GlobalSection(SolutionConfigurationPlatforms) = preSolution
		Debug|Any CPU = Debug|Any CPU
		Release|Any CPU = Release|Any CPU
	EndGlobalSection
	GlobalSection(ProjectConfigurationPlatforms) = postSolution
		{D64D3038-307C-DA77-4AD5-D76CA84B2B44}.Debug|Any CPU.ActiveCfg = Debug|Any CPU
		{D64D3038-307C-DA77-4AD5-D76CA84B2B44}.Debug|Any CPU.Build.0 = Debug|Any CPU
		{D64D3038-307C-DA77-4AD5-D76CA84B2B44}.Release|Any CPU.ActiveCfg = Release|Any CPU
		{D64D3038-307C-DA77-4AD5-D76CA84B2B44}.Release|Any CPU.Build.0 = Release|Any CPU
	EndGlobalSection
	GlobalSection(SolutionProperties) = preSolution
		HideSolutionNode = FALSE
	EndGlobalSection
	GlobalSection(MonoDevelopProperties) = preSolution
		StartupItem = Assembly-CSharp.csproj
	EndGlobalSection
EndGlobal
