<<<<<<< HEAD
﻿
Microsoft Visual Studio Solution File, Format Version 12.00
# Visual Studio 2015
Project("{FAE04EC0-301F-11D3-BF4B-00C04F79EFBC}") = "Anthony's Game.CSharp", "Anthony's Game.CSharp.csproj", "{05839B39-4ACE-9D49-5C86-5E4D8C7CAB5F}"
=======
Microsoft Visual Studio Solution File, Format Version 11.00
# Visual Studio 2008

Project("{A227A148-479C-1B35-277E-7028B8B7F19A}") = "Anthony's Game", "Assembly-CSharp.csproj", "{D64D3038-307C-DA77-4AD5-D76CA84B2B44}"
>>>>>>> master
EndProject
Global
	GlobalSection(SolutionConfigurationPlatforms) = preSolution
		Debug|Any CPU = Debug|Any CPU
		Release|Any CPU = Release|Any CPU
	EndGlobalSection
	GlobalSection(ProjectConfigurationPlatforms) = postSolution
<<<<<<< HEAD
		{05839B39-4ACE-9D49-5C86-5E4D8C7CAB5F}.Debug|Any CPU.ActiveCfg = Debug|Any CPU
		{05839B39-4ACE-9D49-5C86-5E4D8C7CAB5F}.Debug|Any CPU.Build.0 = Debug|Any CPU
		{05839B39-4ACE-9D49-5C86-5E4D8C7CAB5F}.Release|Any CPU.ActiveCfg = Release|Any CPU
		{05839B39-4ACE-9D49-5C86-5E4D8C7CAB5F}.Release|Any CPU.Build.0 = Release|Any CPU
=======
		{D64D3038-307C-DA77-4AD5-D76CA84B2B44}.Debug|Any CPU.ActiveCfg = Debug|Any CPU
		{D64D3038-307C-DA77-4AD5-D76CA84B2B44}.Debug|Any CPU.Build.0 = Debug|Any CPU
		{D64D3038-307C-DA77-4AD5-D76CA84B2B44}.Release|Any CPU.ActiveCfg = Release|Any CPU
		{D64D3038-307C-DA77-4AD5-D76CA84B2B44}.Release|Any CPU.Build.0 = Release|Any CPU
>>>>>>> master
	EndGlobalSection
	GlobalSection(SolutionProperties) = preSolution
		HideSolutionNode = FALSE
	EndGlobalSection
<<<<<<< HEAD
=======
	GlobalSection(MonoDevelopProperties) = preSolution
		StartupItem = Assembly-CSharp.csproj
	EndGlobalSection
>>>>>>> master
EndGlobal
